
Microsoft Visual Studio Solution File, Format Version 12.00
# Visual Studio 2013
VisualStudioVersion = 12.0.21005.1
MinimumVisualStudioVersion = 10.0.40219.1
Project("{FAE04EC0-301F-11D3-BF4B-00C04F79EFBC}") = "aula2604", "aula2604\aula2604.csproj", "{AB998A7B-E67E-457B-8786-5122AA86E11E}"
EndProject
Global
	GlobalSection(SolutionConfigurationPlatforms) = preSolution
		Debug|Any CPU = Debug|Any CPU
		Release|Any CPU = Release|Any CPU
	EndGlobalSection
	GlobalSection(ProjectConfigurationPlatforms) = postSolution
		{AB998A7B-E67E-457B-8786-5122AA86E11E}.Debug|Any CPU.ActiveCfg = Debug|Any CPU
		{AB998A7B-E67E-457B-8786-5122AA86E11E}.Debug|Any CPU.Build.0 = Debug|Any CPU
		{AB998A7B-E67E-457B-8786-5122AA86E11E}.Release|Any CPU.ActiveCfg = Release|Any CPU
		{AB998A7B-E67E-457B-8786-5122AA86E11E}.Release|Any CPU.Build.0 = Release|Any CPU
	EndGlobalSection
	GlobalSection(SolutionProperties) = preSolution
		HideSolutionNode = FALSE
	EndGlobalSection
EndGlobal
