
Microsoft Visual Studio Solution File, Format Version 11.00
# Visual Studio 2010
Project("{FAE04EC0-301F-11D3-BF4B-00C04F79EFBC}") = "6-Geometria", "6-Geometria\6-Geometria.csproj", "{833F6A1F-8383-4DAC-81FE-1626B9A3F7BE}"
EndProject
Global
	GlobalSection(SolutionConfigurationPlatforms) = preSolution
		Debug|x86 = Debug|x86
		Release|x86 = Release|x86
	EndGlobalSection
	GlobalSection(ProjectConfigurationPlatforms) = postSolution
		{833F6A1F-8383-4DAC-81FE-1626B9A3F7BE}.Debug|x86.ActiveCfg = Debug|x86
		{833F6A1F-8383-4DAC-81FE-1626B9A3F7BE}.Debug|x86.Build.0 = Debug|x86
		{833F6A1F-8383-4DAC-81FE-1626B9A3F7BE}.Release|x86.ActiveCfg = Release|x86
		{833F6A1F-8383-4DAC-81FE-1626B9A3F7BE}.Release|x86.Build.0 = Release|x86
	EndGlobalSection
	GlobalSection(SolutionProperties) = preSolution
		HideSolutionNode = FALSE
	EndGlobalSection
EndGlobal
